
Microsoft Visual Studio Solution File, Format Version 12.00
# Visual Studio Version 17
VisualStudioVersion = 17.9.34728.123
MinimumVisualStudioVersion = 10.0.40219.1
Project("{FAE04EC0-301F-11D3-BF4B-00C04F79EFBC}") = "GitHub.Submodules.UI", "GitHubSubmodulesUI\GitHub.Submodules.UI.csproj", "{DCBA9456-6F22-4698-91FB-C82FA00188D0}"
EndProject
Global
	GlobalSection(SolutionConfigurationPlatforms) = preSolution
		Debug|Any CPU = Debug|Any CPU
		Release|Any CPU = Release|Any CPU
	EndGlobalSection
	GlobalSection(ProjectConfigurationPlatforms) = postSolution
		{DCBA9456-6F22-4698-91FB-C82FA00188D0}.Debug|Any CPU.ActiveCfg = Debug|Any CPU
		{DCBA9456-6F22-4698-91FB-C82FA00188D0}.Debug|Any CPU.Build.0 = Debug|Any CPU
		{DCBA9456-6F22-4698-91FB-C82FA00188D0}.Release|Any CPU.ActiveCfg = Release|Any CPU
		{DCBA9456-6F22-4698-91FB-C82FA00188D0}.Release|Any CPU.Build.0 = Release|Any CPU
	EndGlobalSection
	GlobalSection(SolutionProperties) = preSolution
		HideSolutionNode = FALSE
	EndGlobalSection
	GlobalSection(ExtensibilityGlobals) = postSolution
		SolutionGuid = {C1A31308-1ACC-4A6B-A703-47A3ECA584D5}
	EndGlobalSection
EndGlobal
